
Microsoft Visual Studio Solution File, Format Version 12.00
# Visual Studio Version 16
VisualStudioVersion = 16.0.29424.173
MinimumVisualStudioVersion = 10.0.40219.1
Project("{9A19103F-16F7-4668-BE54-9A1E7A4F7556}") = "VerifieerBlazor", "VerifieerBlazor\VerifieerBlazor.csproj", "{6E7F9A5A-D660-4C90-88D0-07C2839D23C1}"
EndProject
Project("{9A19103F-16F7-4668-BE54-9A1E7A4F7556}") = "Businesslayer", "Businesslayer\Businesslayer.csproj", "{C1921558-5F38-4534-B54E-04B6E2414BF6}"
EndProject
Project("{9A19103F-16F7-4668-BE54-9A1E7A4F7556}") = "Datalayer", "Datalayer\Datalayer.csproj", "{23B5EE9D-4EE8-4168-B344-9A37958155AC}"
EndProject
Project("{FAE04EC0-301F-11D3-BF4B-00C04F79EFBC}") = "Shared", "Shared\Shared.csproj", "{99A62A06-1F6C-4893-A7F3-15DF29E0AC23}"
EndProject
Global
	GlobalSection(SolutionConfigurationPlatforms) = preSolution
		Debug|Any CPU = Debug|Any CPU
		Release|Any CPU = Release|Any CPU
	EndGlobalSection
	GlobalSection(ProjectConfigurationPlatforms) = postSolution
		{6E7F9A5A-D660-4C90-88D0-07C2839D23C1}.Debug|Any CPU.ActiveCfg = Debug|Any CPU
		{6E7F9A5A-D660-4C90-88D0-07C2839D23C1}.Debug|Any CPU.Build.0 = Debug|Any CPU
		{6E7F9A5A-D660-4C90-88D0-07C2839D23C1}.Release|Any CPU.ActiveCfg = Release|Any CPU
		{6E7F9A5A-D660-4C90-88D0-07C2839D23C1}.Release|Any CPU.Build.0 = Release|Any CPU
		{C1921558-5F38-4534-B54E-04B6E2414BF6}.Debug|Any CPU.ActiveCfg = Debug|Any CPU
		{C1921558-5F38-4534-B54E-04B6E2414BF6}.Debug|Any CPU.Build.0 = Debug|Any CPU
		{C1921558-5F38-4534-B54E-04B6E2414BF6}.Release|Any CPU.ActiveCfg = Release|Any CPU
		{C1921558-5F38-4534-B54E-04B6E2414BF6}.Release|Any CPU.Build.0 = Release|Any CPU
		{23B5EE9D-4EE8-4168-B344-9A37958155AC}.Debug|Any CPU.ActiveCfg = Debug|Any CPU
		{23B5EE9D-4EE8-4168-B344-9A37958155AC}.Debug|Any CPU.Build.0 = Debug|Any CPU
		{23B5EE9D-4EE8-4168-B344-9A37958155AC}.Release|Any CPU.ActiveCfg = Release|Any CPU
		{23B5EE9D-4EE8-4168-B344-9A37958155AC}.Release|Any CPU.Build.0 = Release|Any CPU
		{99A62A06-1F6C-4893-A7F3-15DF29E0AC23}.Debug|Any CPU.ActiveCfg = Debug|Any CPU
		{99A62A06-1F6C-4893-A7F3-15DF29E0AC23}.Debug|Any CPU.Build.0 = Debug|Any CPU
		{99A62A06-1F6C-4893-A7F3-15DF29E0AC23}.Release|Any CPU.ActiveCfg = Release|Any CPU
		{99A62A06-1F6C-4893-A7F3-15DF29E0AC23}.Release|Any CPU.Build.0 = Release|Any CPU
	EndGlobalSection
	GlobalSection(SolutionProperties) = preSolution
		HideSolutionNode = FALSE
	EndGlobalSection
	GlobalSection(ExtensibilityGlobals) = postSolution
		SolutionGuid = {3AAED48F-460D-44BE-8EDC-39786C7D581B}
	EndGlobalSection
EndGlobal
